<?xml version="1.0" encoding="utf-8"?>
<Project ToolsVersion="4.0" xmlns="http://schemas.microsoft.com/developer/msbuild/2003">
  <ItemGroup>
    <Filter Include="Source Files">
      <UniqueIdentifier>{4FC737F1-C7A5-4376-A066-2A32D752A2FF}</UniqueIdentifier>
      <Extensions>cpp;c;cc;cxx;def;odl;idl;hpj;bat;asm;asmx</Extensions>
    </Filter>
    <Filter Include="sim library">
      <UniqueIdentifier>{9fbc6a3e-99a6-4820-af24-a83498af6506}</UniqueIdentifier>
    </Filter>
    <Filter Include="sim library\Header Files">
      <UniqueIdentifier>{692d8f7a-7cc0-4924-bdaa-990c3d28d194}</UniqueIdentifier>
    </Filter>
    <Filter Include="sim library\C Files">
      <UniqueIdentifier>{1a134c57-c6ce-44fc-baa8-0eb6e0b5276d}</UniqueIdentifier>
    </Filter>
    <Filter Include="Header FIles">
      <UniqueIdentifier>{124fd7e8-a8f7-43db-96b8-74e3b211ddf6}</UniqueIdentifier>
    </Filter>
    <Filter Include="Resources">
      <UniqueIdentifier>{8a4f2c74-453b-4513-a4e5-f544fab0141c}</UniqueIdentifier>
    </Filter>
  </ItemGroup>
  <ItemGroup>
    <ClInclude Include="..\..\sim-2.1\include\sim\analysis.h">
      <Filter>sim library\Header Files</Filter>
    </ClInclude>
    <ClInclude Include="..\..\sim-2.1\include\sim\clock.h">
      <Filter>sim library\Header Files</Filter>
    </ClInclude>
    <ClInclude Include="..\..\sim-2.1\include\sim\conditionallist.h">
      <Filter>sim library\Header Files</Filter>
    </ClInclude>
    <ClInclude Include="..\..\sim-2.1\include\sim\control.h">
      <Filter>sim library\Header Files</Filter>
    </ClInclude>
    <ClInclude Include="..\..\sim-2.1\include\sim\converter.h">
      <Filter>sim library\Header Files</Filter>
    </ClInclude>
    <ClInclude Include="..\..\sim-2.1\include\sim\coutanalysis.h">
      <Filter>sim library\Header Files</Filter>
    </ClInclude>
    <ClInclude Include="..\..\sim-2.1\include\sim\defs.h">
      <Filter>sim library\Header Files</Filter>
    </ClInclude>
    <ClInclude Include="..\..\sim-2.1\include\sim\entity.h">
      <Filter>sim library\Header Files</Filter>
    </ClInclude>
    <ClInclude Include="..\..\sim-2.1\include\sim\error.h">
      <Filter>sim library\Header Files</Filter>
    </ClInclude>
    <ClInclude Include="..\..\sim-2.1\include\sim\event.h">
      <Filter>sim library\Header Files</Filter>
    </ClInclude>
    <ClInclude Include="..\..\sim-2.1\include\sim\generator.h">
      <Filter>sim library\Header Files</Filter>
    </ClInclude>
    <ClInclude Include="..\..\sim-2.1\include\sim\handlers.h">
      <Filter>sim library\Header Files</Filter>
    </ClInclude>
    <ClInclude Include="..\..\sim-2.1\include\sim\histogram.h">
      <Filter>sim library\Header Files</Filter>
    </ClInclude>
    <ClInclude Include="..\..\sim-2.1\include\sim\hush.h">
      <Filter>sim library\Header Files</Filter>
    </ClInclude>
    <ClInclude Include="..\..\sim-2.1\include\sim\query.h">
      <Filter>sim library\Header Files</Filter>
    </ClInclude>
    <ClInclude Include="..\..\sim-2.1\include\sim\queue.h">
      <Filter>sim library\Header Files</Filter>
    </ClInclude>
    <ClInclude Include="..\..\sim-2.1\include\sim\reports.h">
      <Filter>sim library\Header Files</Filter>
    </ClInclude>
    <ClInclude Include="..\..\sim-2.1\include\sim\resource.h">
      <Filter>sim library\Header Files</Filter>
    </ClInclude>
    <ClInclude Include="..\..\sim-2.1\include\sim\scheduler.h">
      <Filter>sim library\Header Files</Filter>
    </ClInclude>
    <ClInclude Include="..\..\sim-2.1\include\sim\screen.h">
      <Filter>sim library\Header Files</Filter>
    </ClInclude>
    <ClInclude Include="..\..\sim-2.1\include\sim\sim.h">
      <Filter>sim library\Header Files</Filter>
    </ClInclude>
    <ClInclude Include="..\..\sim-2.1\include\sim\simevent.h">
      <Filter>sim library\Header Files</Filter>
    </ClInclude>
    <ClInclude Include="..\..\sim-2.1\include\sim\simulation.h">
      <Filter>sim library\Header Files</Filter>
    </ClInclude>
    <ClInclude Include="..\..\sim-2.1\include\sim\tertiarytree.h">
      <Filter>sim library\Header Files</Filter>
    </ClInclude>
    <ClInclude Include="..\..\sim-2.1\include\sim\version.h">
      <Filter>sim library\Header Files</Filter>
    </ClInclude>
  </ItemGroup>
  <ItemGroup>
    <ClCompile Include="..\..\sim-2.1\src\analysis.cpp">
      <Filter>sim library\C Files</Filter>
    </ClCompile>
    <ClCompile Include="..\..\sim-2.1\src\clock.cpp">
      <Filter>sim library\C Files</Filter>
    </ClCompile>
    <ClCompile Include="..\..\sim-2.1\src\colist.cpp">
      <Filter>sim library\C Files</Filter>
    </ClCompile>
    <ClCompile Include="..\..\sim-2.1\src\control.cpp">
      <Filter>sim library\C Files</Filter>
    </ClCompile>
    <ClCompile Include="..\..\sim-2.1\src\coutanal.cpp">
      <Filter>sim library\C Files</Filter>
    </ClCompile>
    <ClCompile Include="..\..\sim-2.1\src\entity.cpp">
      <Filter>sim library\C Files</Filter>
    </ClCompile>
    <ClCompile Include="..\..\sim-2.1\src\error.cpp">
      <Filter>sim library\C Files</Filter>
    </ClCompile>
    <ClCompile Include="..\..\sim-2.1\src\generate.cpp">
      <Filter>sim library\C Files</Filter>
    </ClCompile>
    <ClCompile Include="..\..\sim-2.1\src\handlers.cpp">
      <Filter>sim library\C Files</Filter>
    </ClCompile>
    <ClCompile Include="..\..\sim-2.1\src\histo.cpp">
      <Filter>sim library\C Files</Filter>
    </ClCompile>
    <ClCompile Include="..\..\sim-2.1\src\old-queue.cpp">
      <Filter>sim library\C Files</Filter>
    </ClCompile>
    <ClCompile Include="..\..\sim-2.1\src\query.cpp">
      <Filter>sim library\C Files</Filter>
    </ClCompile>
    <ClCompile Include="..\..\sim-2.1\src\queue.cpp">
      <Filter>sim library\C Files</Filter>
    </ClCompile>
    <ClCompile Include="..\..\sim-2.1\src\reports.cpp">
      <Filter>sim library\C Files</Filter>
    </ClCompile>
    <ClCompile Include="..\..\sim-2.1\src\resource.cpp">
      <Filter>sim library\C Files</Filter>
    </ClCompile>
    <ClCompile Include="..\..\sim-2.1\src\schedule.cpp">
      <Filter>sim library\C Files</Filter>
    </ClCompile>
    <ClCompile Include="..\..\sim-2.1\src\screen.cpp">
      <Filter>sim library\C Files</Filter>
    </ClCompile>
    <ClCompile Include="..\..\sim-2.1\src\simevent.cpp">
      <Filter>sim library\C Files</Filter>
    </ClCompile>
    <ClCompile Include="..\..\sim-2.1\src\simul.cpp">
      <Filter>sim library\C Files</Filter>
    </ClCompile>
    <ClCompile Include="..\..\sim-2.1\src\tytree.cpp">
      <Filter>sim library\C Files</Filter>
    </ClCompile>
  </ItemGroup>
  <ItemGroup>
    <None Include="..\..\sim-2.1\src\Makefile">
      <Filter>sim library\C Files</Filter>
    </None>
    <None Include="..\..\sim-2.1\src\sim.mk">
      <Filter>sim library\C Files</Filter>
    </None>
    <None Include="..\..\sim-2.1\include\sim\index">
      <Filter>sim library\Header Files</Filter>
    </None>
    <None Include="..\..\sim-2.1\include\sim\makefile">
      <Filter>sim library\Header Files</Filter>
    </None>
  </ItemGroup>
</Project>